<?xml version="1.0" encoding="utf-8"?>
<Project ToolsVersion="4.0" xmlns="http://schemas.microsoft.com/developer/msbuild/2003">
  <ItemGroup>
    <Filter Include="Soruce">
      <UniqueIdentifier>{e93e6de1-53b4-4814-8559-366092896375}</UniqueIdentifier>
    </Filter>
    <Filter Include="Soruce\pch">
      <UniqueIdentifier>{07671e0e-0f88-4cc1-a418-41be217cf8d6}</UniqueIdentifier>
    </Filter>
    <Filter Include="Soruce\pch\Public">
      <UniqueIdentifier>{1e52e377-ef58-48b6-82cf-825a86217d6a}</UniqueIdentifier>
    </Filter>
    <Filter Include="Soruce\pch\Private">
      <UniqueIdentifier>{396ddfed-022b-4e91-bd00-9cf433f218c8}</UniqueIdentifier>
    </Filter>
    <Filter Include="Soruce\main">
      <UniqueIdentifier>{8f9c7da1-fafc-45af-86d1-f9b92bed3fcb}</UniqueIdentifier>
    </Filter>
    <Filter Include="Soruce\Packet">
      <UniqueIdentifier>{c8d0a36c-eebe-4968-a841-9c33c8b2dd8d}</UniqueIdentifier>
    </Filter>
    <Filter Include="Soruce\Packet\Public">
      <UniqueIdentifier>{e1a6c9fe-4d24-4dc1-8a42-47ea17c00a13}</UniqueIdentifier>
    </Filter>
    <Filter Include="Soruce\Packet\Private">
      <UniqueIdentifier>{c60f0c2e-21a3-492c-b045-8867f683535f}</UniqueIdentifier>
    </Filter>
    <Filter Include="Soruce\Contents">
      <UniqueIdentifier>{56371205-146b-4647-96ce-98998d9ccad2}</UniqueIdentifier>
    </Filter>
    <Filter Include="Soruce\Contents\Public">
      <UniqueIdentifier>{0a6245e5-3f4f-4b36-b8b8-fc518dc26182}</UniqueIdentifier>
    </Filter>
    <Filter Include="Soruce\Contents\Private">
      <UniqueIdentifier>{5fd18621-631d-454f-8b4a-946cd45cbe08}</UniqueIdentifier>
    </Filter>
    <Filter Include="Soruce\DB">
      <UniqueIdentifier>{376f295d-88f8-4491-b676-1738b21dc000}</UniqueIdentifier>
    </Filter>
    <Filter Include="Soruce\DB\Public">
      <UniqueIdentifier>{44cb9f08-b96f-409d-8459-407f048fd140}</UniqueIdentifier>
    </Filter>
    <Filter Include="Soruce\DB\Private">
      <UniqueIdentifier>{79b5f4d9-3ab2-43f4-a731-23566b74e108}</UniqueIdentifier>
    </Filter>
    <Filter Include="Soruce\Framework">
      <UniqueIdentifier>{d1c2eed8-ed77-4461-8ffd-f3641aba8304}</UniqueIdentifier>
    </Filter>
    <Filter Include="Soruce\Framework\Public">
      <UniqueIdentifier>{be443d6a-93e7-4291-acba-f7e55d6a41cc}</UniqueIdentifier>
    </Filter>
    <Filter Include="Soruce\Framework\Private">
      <UniqueIdentifier>{cf171bef-3aab-4d8e-b88d-1de5c26de1f7}</UniqueIdentifier>
    </Filter>
  </ItemGroup>
  <ItemGroup>
    <ClInclude Include="pch.h">
      <Filter>Soruce\pch\Public</Filter>
    </ClInclude>
    <ClInclude Include="IdentityPacket.pb.h">
      <Filter>Soruce\Packet\Public</Filter>
    </ClInclude>
    <ClInclude Include="IdentityDBHandler.h">
      <Filter>Soruce\DB\Public</Filter>
    </ClInclude>
    <ClInclude Include="IdentityService.h">
      <Filter>Soruce\Framework\Public</Filter>
    </ClInclude>
    <ClInclude Include="IdentityForward.h">
      <Filter>Soruce\pch\Public</Filter>
    </ClInclude>
    <ClInclude Include="IdentityLibaray.h">
      <Filter>Soruce\pch\Public</Filter>
    </ClInclude>
    <ClInclude Include="Appearance.h">
      <Filter>Soruce\pch\Public</Filter>
    </ClInclude>
    <ClInclude Include="Character.h">
      <Filter>Soruce\Contents\Public</Filter>
    </ClInclude>
    <ClInclude Include="IdentityListener.h">
      <Filter>Soruce\Framework\Public</Filter>
    </ClInclude>
    <ClInclude Include="IdentityPlayerState.h">
      <Filter>Soruce\Framework\Public</Filter>
    </ClInclude>
    <ClInclude Include="IdentityGameState.h">
      <Filter>Soruce\Framework\Public</Filter>
    </ClInclude>
    <ClInclude Include="IdentityServerPacketHandler.h">
      <Filter>Soruce\Packet\Public</Filter>
    </ClInclude>
  </ItemGroup>
  <ItemGroup>
    <ClCompile Include="pch.cpp">
      <Filter>Soruce\pch\Private</Filter>
    </ClCompile>
    <ClCompile Include="IdentityServer.cpp">
      <Filter>Soruce\main</Filter>
    </ClCompile>
    <ClCompile Include="IdentityPacket.pb.cc">
      <Filter>Soruce\Packet\Private</Filter>
    </ClCompile>
    <ClCompile Include="IdentityDBHandler.cpp">
      <Filter>Soruce\DB\Private</Filter>
    </ClCompile>
    <ClCompile Include="IdentityService.cpp">
      <Filter>Soruce\Framework\Private</Filter>
    </ClCompile>
    <ClCompile Include="IdentityLibaray.cpp">
      <Filter>Soruce\pch\Private</Filter>
    </ClCompile>
    <ClCompile Include="Character.cpp">
      <Filter>Soruce\Contents\Private</Filter>
    </ClCompile>
    <ClCompile Include="IdentityListener.cpp">
      <Filter>Soruce\Framework\Private</Filter>
    </ClCompile>
    <ClCompile Include="IdentityPlayerState.cpp">
      <Filter>Soruce\Framework\Private</Filter>
    </ClCompile>
    <ClCompile Include="IdentityGameState.cpp">
      <Filter>Soruce\Framework\Private</Filter>
    </ClCompile>
    <ClCompile Include="IdentityServerPacketHandler.cpp">
      <Filter>Soruce\Packet\Private</Filter>
    </ClCompile>
  </ItemGroup>
  <ItemGroup>
    <None Include="..\ProtobufMake\bin\src\IdentityPacket.proto">
      <Filter>Soruce\Packet\Public</Filter>
    </None>
  </ItemGroup>
</Project>