<?xml version="1.0" encoding="utf-8"?>
<Project ToolsVersion="4.0" xmlns="http://schemas.microsoft.com/developer/msbuild/2003">
  <ItemGroup>
    <Filter Include="Soruce">
      <UniqueIdentifier>{e93e6de1-53b4-4814-8559-366092896375}</UniqueIdentifier>
    </Filter>
    <Filter Include="Soruce\pch">
      <UniqueIdentifier>{07671e0e-0f88-4cc1-a418-41be217cf8d6}</UniqueIdentifier>
    </Filter>
    <Filter Include="Soruce\pch\Public">
      <UniqueIdentifier>{1e52e377-ef58-48b6-82cf-825a86217d6a}</UniqueIdentifier>
    </Filter>
    <Filter Include="Soruce\pch\Private">
      <UniqueIdentifier>{396ddfed-022b-4e91-bd00-9cf433f218c8}</UniqueIdentifier>
    </Filter>
    <Filter Include="Soruce\main">
      <UniqueIdentifier>{8f9c7da1-fafc-45af-86d1-f9b92bed3fcb}</UniqueIdentifier>
    </Filter>
    <Filter Include="Soruce\Packet">
      <UniqueIdentifier>{c8d0a36c-eebe-4968-a841-9c33c8b2dd8d}</UniqueIdentifier>
    </Filter>
    <Filter Include="Soruce\Packet\Public">
      <UniqueIdentifier>{e1a6c9fe-4d24-4dc1-8a42-47ea17c00a13}</UniqueIdentifier>
    </Filter>
    <Filter Include="Soruce\Packet\Private">
      <UniqueIdentifier>{c60f0c2e-21a3-492c-b045-8867f683535f}</UniqueIdentifier>
    </Filter>
  </ItemGroup>
  <ItemGroup>
    <ClInclude Include="pch.h">
      <Filter>Soruce\pch\Public</Filter>
    </ClInclude>
    <ClInclude Include="IdentityPacketHandler.h">
      <Filter>Soruce\Packet\Public</Filter>
    </ClInclude>
    <ClInclude Include="IdentityPacket.pb.h">
      <Filter>Soruce\Packet\Public</Filter>
    </ClInclude>
  </ItemGroup>
  <ItemGroup>
    <ClCompile Include="pch.cpp">
      <Filter>Soruce\pch\Private</Filter>
    </ClCompile>
    <ClCompile Include="IdentityServer.cpp">
      <Filter>Soruce\main</Filter>
    </ClCompile>
    <ClCompile Include="IdentityPacketHandler.cpp">
      <Filter>Soruce\Packet\Private</Filter>
    </ClCompile>
    <ClCompile Include="IdentityPacket.pb.cc">
      <Filter>Soruce\Packet\Private</Filter>
    </ClCompile>
  </ItemGroup>
  <ItemGroup>
    <None Include="..\ProtobufMake\bin\src\IdentityPacket.proto">
      <Filter>Soruce\Packet\Public</Filter>
    </None>
  </ItemGroup>
</Project>