<?xml version="1.0" encoding="utf-8"?>
<Project ToolsVersion="4.0" xmlns="http://schemas.microsoft.com/developer/msbuild/2003">
  <ItemGroup>
    <Filter Include="Source">
      <UniqueIdentifier>{4FC737F1-C7A5-4376-A066-2A32D752A2FF}</UniqueIdentifier>
      <Extensions>cpp;c;cc;cxx;c++;cppm;ixx;def;odl;idl;hpj;bat;asm;asmx</Extensions>
    </Filter>
    <Filter Include="Source\main">
      <UniqueIdentifier>{41e607f7-1066-4429-987c-35c391d7428e}</UniqueIdentifier>
    </Filter>
    <Filter Include="Source\pch">
      <UniqueIdentifier>{39cafb43-1057-4b72-9bd0-8ba6fdfbef33}</UniqueIdentifier>
    </Filter>
    <Filter Include="Source\pch\Public">
      <UniqueIdentifier>{e476b69f-5414-4f40-868e-f87327e7bc76}</UniqueIdentifier>
    </Filter>
    <Filter Include="Source\pch\Private">
      <UniqueIdentifier>{b35faa5e-87b3-48f3-89eb-2124185d72ff}</UniqueIdentifier>
    </Filter>
    <Filter Include="Source\Packet">
      <UniqueIdentifier>{44605b7a-7c32-4d2e-b5d0-79bd4a25af42}</UniqueIdentifier>
    </Filter>
    <Filter Include="Source\Packet\Private">
      <UniqueIdentifier>{95c39258-9d29-41e6-8184-ce63ffdf9ad2}</UniqueIdentifier>
    </Filter>
    <Filter Include="Source\Packet\Public">
      <UniqueIdentifier>{b9de415e-4362-4714-a67c-adee62878258}</UniqueIdentifier>
    </Filter>
  </ItemGroup>
  <ItemGroup>
    <ClCompile Include="DummyClient.cpp">
      <Filter>Source\main</Filter>
    </ClCompile>
    <ClCompile Include="pch.cpp">
      <Filter>Source\pch\Private</Filter>
    </ClCompile>
    <ClCompile Include="IdentityPacket.pb.cc">
      <Filter>Source\Packet\Private</Filter>
    </ClCompile>
    <ClCompile Include="ClientPacketHandler.cpp">
      <Filter>Source\Packet\Private</Filter>
    </ClCompile>
  </ItemGroup>
  <ItemGroup>
    <ClInclude Include="pch.h">
      <Filter>Source\pch\Public</Filter>
    </ClInclude>
    <ClInclude Include="IdentityPacket.pb.h">
      <Filter>Source\Packet\Public</Filter>
    </ClInclude>
    <ClInclude Include="ClientPacketHandler.h">
      <Filter>Source\Packet\Public</Filter>
    </ClInclude>
  </ItemGroup>
</Project>