<?xml version="1.0" encoding="utf-8"?>
<Project ToolsVersion="4.0" xmlns="http://schemas.microsoft.com/developer/msbuild/2003">
  <ItemGroup>
    <Filter Include="Source">
      <UniqueIdentifier>{bd08e2e7-b7fd-4131-89a9-62a325677218}</UniqueIdentifier>
    </Filter>
    <Filter Include="Source\pch">
      <UniqueIdentifier>{65f7de7c-fa5d-4a7f-998c-82b181acba43}</UniqueIdentifier>
    </Filter>
    <Filter Include="Source\pch\Private">
      <UniqueIdentifier>{82a0db08-039d-4577-9098-8437f9deb242}</UniqueIdentifier>
    </Filter>
    <Filter Include="Source\pch\Public">
      <UniqueIdentifier>{46874c7c-c3d7-4b2f-9419-0cef021022c6}</UniqueIdentifier>
    </Filter>
    <Filter Include="Source\Main">
      <UniqueIdentifier>{fad7c6d9-0a33-4a32-a712-ca7df39fe284}</UniqueIdentifier>
    </Filter>
    <Filter Include="Source\DB">
      <UniqueIdentifier>{0355d986-f0d9-4435-936e-9c2caac53f03}</UniqueIdentifier>
    </Filter>
    <Filter Include="Source\Sync">
      <UniqueIdentifier>{51a2adfd-2afe-4b2c-909f-d58d3474278a}</UniqueIdentifier>
    </Filter>
    <Filter Include="Source\Sync\Public">
      <UniqueIdentifier>{4d412950-32cd-420d-8205-2bf4240e3666}</UniqueIdentifier>
    </Filter>
    <Filter Include="Source\Sync\Private">
      <UniqueIdentifier>{4956d893-73ef-44af-8ad4-ef987ed25467}</UniqueIdentifier>
    </Filter>
    <Filter Include="Source\DB\ADO">
      <UniqueIdentifier>{76bf6197-3b52-4549-886a-0ee9720ac894}</UniqueIdentifier>
    </Filter>
    <Filter Include="Source\Time">
      <UniqueIdentifier>{f08a4810-93d5-42d4-8ab0-223cccb1f63d}</UniqueIdentifier>
    </Filter>
    <Filter Include="Source\Time\Public">
      <UniqueIdentifier>{2a8c924a-9d29-4725-ad16-a70112e1c585}</UniqueIdentifier>
    </Filter>
    <Filter Include="Source\Time\Private">
      <UniqueIdentifier>{a235148c-557c-4618-8b3f-7e5ca73456fa}</UniqueIdentifier>
    </Filter>
    <Filter Include="Source\DB\ADO\Public">
      <UniqueIdentifier>{ce2f50af-5357-4a64-aa05-91a4afc3773d}</UniqueIdentifier>
    </Filter>
    <Filter Include="Source\DB\ADO\Private">
      <UniqueIdentifier>{cd2f2f14-6d19-4be8-8543-4fc47b304be6}</UniqueIdentifier>
    </Filter>
    <Filter Include="Source\Utils">
      <UniqueIdentifier>{6ecc6f32-aa16-418e-aec6-d6d8571bba4c}</UniqueIdentifier>
    </Filter>
    <Filter Include="Source\Utils\Public">
      <UniqueIdentifier>{c8305114-45d3-42d2-8717-8a879544039a}</UniqueIdentifier>
    </Filter>
    <Filter Include="Source\Utils\Private">
      <UniqueIdentifier>{54a6854b-6932-40e5-99c4-84472cfc05ec}</UniqueIdentifier>
    </Filter>
    <Filter Include="Source\Socket">
      <UniqueIdentifier>{f1d10a3c-a186-4911-a628-c5df1614ca44}</UniqueIdentifier>
    </Filter>
    <Filter Include="Source\Socket\Public">
      <UniqueIdentifier>{8b6f0fcd-eb8a-41e1-abe8-b70282a316e7}</UniqueIdentifier>
    </Filter>
    <Filter Include="Source\Socket\Private">
      <UniqueIdentifier>{6de12345-f26e-4d7c-a5c3-bb1195d61b0b}</UniqueIdentifier>
    </Filter>
    <Filter Include="Source\Network">
      <UniqueIdentifier>{4d4c8921-412d-4f84-92f3-d9db6cbe9d3b}</UniqueIdentifier>
    </Filter>
    <Filter Include="Source\Network\Public">
      <UniqueIdentifier>{535dedcc-c022-4480-9ee4-3146d5d4a196}</UniqueIdentifier>
    </Filter>
    <Filter Include="Source\Network\Private">
      <UniqueIdentifier>{fe77bead-e447-43e9-8bcf-7af5e1c4607c}</UniqueIdentifier>
    </Filter>
    <Filter Include="Source\Memory">
      <UniqueIdentifier>{129a6c79-a61c-4642-8868-bace5f940be0}</UniqueIdentifier>
    </Filter>
    <Filter Include="Source\Memory\Public">
      <UniqueIdentifier>{99694bb8-2cb1-421e-91d4-aef2dfb873c0}</UniqueIdentifier>
    </Filter>
    <Filter Include="Source\Memory\Private">
      <UniqueIdentifier>{f96d82e7-8f51-40e1-82c4-f320c4786cd2}</UniqueIdentifier>
    </Filter>
  </ItemGroup>
  <ItemGroup>
    <ClCompile Include="dllmain.cpp">
      <Filter>Source\Main</Filter>
    </ClCompile>
    <ClCompile Include="pch.cpp">
      <Filter>Source\pch\Private</Filter>
    </ClCompile>
    <ClCompile Include="Socket.cpp">
      <Filter>Source\Socket\Private</Filter>
    </ClCompile>
    <ClCompile Include="IPAddress.cpp">
      <Filter>Source\Socket\Private</Filter>
    </ClCompile>
    <ClCompile Include="ApeirogonLibrary.cpp">
      <Filter>Source\pch\Private</Filter>
    </ClCompile>
    <ClCompile Include="SocketUtils.cpp">
      <Filter>Source\Socket\Private</Filter>
    </ClCompile>
    <ClCompile Include="SharedPtr.cpp">
      <Filter>Source\Sync\Private</Filter>
    </ClCompile>
    <ClCompile Include="Runtime.cpp">
      <Filter>Source\Time\Private</Filter>
    </ClCompile>
    <ClCompile Include="ADOConnection.cpp">
      <Filter>Source\DB\ADO\Private</Filter>
    </ClCompile>
    <ClCompile Include="ADOCommand.cpp">
      <Filter>Source\DB\ADO\Private</Filter>
    </ClCompile>
    <ClCompile Include="ADORecordset.cpp">
      <Filter>Source\DB\ADO\Private</Filter>
    </ClCompile>
    <ClCompile Include="ADOUtils.cpp">
      <Filter>Source\DB\ADO\Private</Filter>
    </ClCompile>
    <ClCompile Include="ADOService.cpp">
      <Filter>Source\DB\ADO\Private</Filter>
    </ClCompile>
    <ClCompile Include="ADOEvent.cpp">
      <Filter>Source\DB\ADO\Private</Filter>
    </ClCompile>
    <ClCompile Include="ADOVariant.cpp">
      <Filter>Source\DB\ADO\Private</Filter>
    </ClCompile>
    <ClCompile Include="Singleton.cpp">
      <Filter>Source\Utils\Private</Filter>
    </ClCompile>
    <ClCompile Include="IOCP.cpp">
      <Filter>Source\Network\Private</Filter>
    </ClCompile>
    <ClCompile Include="IOCPEvent.cpp">
      <Filter>Source\Network\Private</Filter>
    </ClCompile>
    <ClCompile Include="RingBuffer.cpp">
      <Filter>Source\Utils\Private</Filter>
    </ClCompile>
    <ClCompile Include="Listener.cpp">
      <Filter>Source\Network\Private</Filter>
    </ClCompile>
    <ClCompile Include="Service.cpp">
      <Filter>Source\Network\Private</Filter>
    </ClCompile>
    <ClCompile Include="Session.cpp">
      <Filter>Source\Network\Private</Filter>
    </ClCompile>
    <ClCompile Include="SessionManager.cpp">
      <Filter>Source\Network\Private</Filter>
    </ClCompile>
    <ClCompile Include="PacketSession.cpp">
      <Filter>Source\Network\Private</Filter>
    </ClCompile>
    <ClCompile Include="Logger.cpp">
      <Filter>Source\Utils\Private</Filter>
    </ClCompile>
    <ClCompile Include="ThreadManager.cpp">
      <Filter>Source\Network\Private</Filter>
    </ClCompile>
    <ClCompile Include="RWLock.cpp">
      <Filter>Source\Sync\Private</Filter>
    </ClCompile>
    <ClCompile Include="FastSpinLock.cpp">
      <Filter>Source\Sync\Private</Filter>
    </ClCompile>
    <ClCompile Include="WinDump.cpp">
      <Filter>Source\Utils\Private</Filter>
    </ClCompile>
    <ClCompile Include="SimpleTime.cpp">
      <Filter>Source\Time\Private</Filter>
    </ClCompile>
    <ClCompile Include="EngineAssert.cpp">
      <Filter>Source\Utils\Private</Filter>
    </ClCompile>
    <ClCompile Include="SendQueue.cpp">
      <Filter>Source\Utils\Private</Filter>
    </ClCompile>
    <ClCompile Include="SendBuffer.cpp">
      <Filter>Source\Utils\Private</Filter>
    </ClCompile>
  </ItemGroup>
  <ItemGroup>
    <ClInclude Include="pch.h">
      <Filter>Source\pch\Public</Filter>
    </ClInclude>
    <ClInclude Include="Socket.h">
      <Filter>Source\Socket\Public</Filter>
    </ClInclude>
    <ClInclude Include="IPAddress.h">
      <Filter>Source\Socket\Public</Filter>
    </ClInclude>
    <ClInclude Include="SocketTypes.h">
      <Filter>Source\Socket\Public</Filter>
    </ClInclude>
    <ClInclude Include="DefaultTypes.h">
      <Filter>Source\pch\Public</Filter>
    </ClInclude>
    <ClInclude Include="ApeirogonLibrary.h">
      <Filter>Source\pch\Public</Filter>
    </ClInclude>
    <ClInclude Include="DefaultSize.h">
      <Filter>Source\pch\Public</Filter>
    </ClInclude>
    <ClInclude Include="SocketUtils.h">
      <Filter>Source\Socket\Public</Filter>
    </ClInclude>
    <ClInclude Include="SharedPtr.h">
      <Filter>Source\Sync\Public</Filter>
    </ClInclude>
    <ClInclude Include="Runtime.h">
      <Filter>Source\Time\Public</Filter>
    </ClInclude>
    <ClInclude Include="ADOConnection.h">
      <Filter>Source\DB\ADO\Public</Filter>
    </ClInclude>
    <ClInclude Include="ADOCommand.h">
      <Filter>Source\DB\ADO\Public</Filter>
    </ClInclude>
    <ClInclude Include="ADORecordset.h">
      <Filter>Source\DB\ADO\Public</Filter>
    </ClInclude>
    <ClInclude Include="ADOUtils.h">
      <Filter>Source\DB\ADO\Public</Filter>
    </ClInclude>
    <ClInclude Include="ADOService.h">
      <Filter>Source\DB\ADO\Public</Filter>
    </ClInclude>
    <ClInclude Include="ADOEvent.h">
      <Filter>Source\DB\ADO\Public</Filter>
    </ClInclude>
    <ClInclude Include="ADOVariant.h">
      <Filter>Source\DB\ADO\Public</Filter>
    </ClInclude>
    <ClInclude Include="Singleton.h">
      <Filter>Source\Utils\Public</Filter>
    </ClInclude>
    <ClInclude Include="IOCP.h">
      <Filter>Source\Network\Public</Filter>
    </ClInclude>
    <ClInclude Include="IOCPEvent.h">
      <Filter>Source\Network\Public</Filter>
    </ClInclude>
    <ClInclude Include="RingBuffer.h">
      <Filter>Source\Utils\Public</Filter>
    </ClInclude>
    <ClInclude Include="Listener.h">
      <Filter>Source\Network\Public</Filter>
    </ClInclude>
    <ClInclude Include="Service.h">
      <Filter>Source\Network\Public</Filter>
    </ClInclude>
    <ClInclude Include="Foward.h">
      <Filter>Source\pch\Public</Filter>
    </ClInclude>
    <ClInclude Include="Session.h">
      <Filter>Source\Network\Public</Filter>
    </ClInclude>
    <ClInclude Include="SessionManager.h">
      <Filter>Source\Network\Public</Filter>
    </ClInclude>
    <ClInclude Include="PacketSession.h">
      <Filter>Source\Network\Public</Filter>
    </ClInclude>
    <ClInclude Include="Logger.h">
      <Filter>Source\Utils\Public</Filter>
    </ClInclude>
    <ClInclude Include="ThreadManager.h">
      <Filter>Source\Network\Public</Filter>
    </ClInclude>
    <ClInclude Include="RWLock.h">
      <Filter>Source\Sync\Public</Filter>
    </ClInclude>
    <ClInclude Include="FastSpinLock.h">
      <Filter>Source\Sync\Public</Filter>
    </ClInclude>
    <ClInclude Include="WinDump.h">
      <Filter>Source\Utils\Public</Filter>
    </ClInclude>
    <ClInclude Include="SimpleTime.h">
      <Filter>Source\Time\Public</Filter>
    </ClInclude>
    <ClInclude Include="EngineAssert.h">
      <Filter>Source\Utils\Public</Filter>
    </ClInclude>
    <ClInclude Include="SendQueue.h">
      <Filter>Source\Utils\Public</Filter>
    </ClInclude>
    <ClInclude Include="SendBuffer.h">
      <Filter>Source\Utils\Public</Filter>
    </ClInclude>
  </ItemGroup>
  <ItemGroup>
    <None Include="cpp.hint" />
  </ItemGroup>
</Project>